
Microsoft Visual Studio Solution File, Format Version 12.00
# Visual Studio Version 16
VisualStudioVersion = 16.0.32228.343
MinimumVisualStudioVersion = 10.0.40219.1
Project("{8BC9CEB8-8B4A-11D0-8D11-00A0C91BC942}") = "Inheritance", "Inheritance\Project1.vcxproj", "{11FA5DA2-8C98-46A9-8BC4-C2F207DA31A2}"
EndProject
Project("{8BC9CEB8-8B4A-11D0-8D11-00A0C91BC942}") = "Filse", "..\Filse\Filse.vcxproj", "{9B751619-D54D-43A6-AD72-5FD597CE0722}"
EndProject
Global
	GlobalSection(SolutionConfigurationPlatforms) = preSolution
		Debug|x64 = Debug|x64
		Debug|x86 = Debug|x86
		Release|x64 = Release|x64
		Release|x86 = Release|x86
	EndGlobalSection
	GlobalSection(ProjectConfigurationPlatforms) = postSolution
		{11FA5DA2-8C98-46A9-8BC4-C2F207DA31A2}.Debug|x64.ActiveCfg = Debug|x64
		{11FA5DA2-8C98-46A9-8BC4-C2F207DA31A2}.Debug|x64.Build.0 = Debug|x64
		{11FA5DA2-8C98-46A9-8BC4-C2F207DA31A2}.Debug|x86.ActiveCfg = Debug|Win32
		{11FA5DA2-8C98-46A9-8BC4-C2F207DA31A2}.Debug|x86.Build.0 = Debug|Win32
		{11FA5DA2-8C98-46A9-8BC4-C2F207DA31A2}.Release|x64.ActiveCfg = Release|x64
		{11FA5DA2-8C98-46A9-8BC4-C2F207DA31A2}.Release|x64.Build.0 = Release|x64
		{11FA5DA2-8C98-46A9-8BC4-C2F207DA31A2}.Release|x86.ActiveCfg = Release|Win32
		{11FA5DA2-8C98-46A9-8BC4-C2F207DA31A2}.Release|x86.Build.0 = Release|Win32
		{9B751619-D54D-43A6-AD72-5FD597CE0722}.Debug|x64.ActiveCfg = Debug|x64
		{9B751619-D54D-43A6-AD72-5FD597CE0722}.Debug|x64.Build.0 = Debug|x64
		{9B751619-D54D-43A6-AD72-5FD597CE0722}.Debug|x86.ActiveCfg = Debug|Win32
		{9B751619-D54D-43A6-AD72-5FD597CE0722}.Debug|x86.Build.0 = Debug|Win32
		{9B751619-D54D-43A6-AD72-5FD597CE0722}.Release|x64.ActiveCfg = Release|x64
		{9B751619-D54D-43A6-AD72-5FD597CE0722}.Release|x64.Build.0 = Release|x64
		{9B751619-D54D-43A6-AD72-5FD597CE0722}.Release|x86.ActiveCfg = Release|Win32
		{9B751619-D54D-43A6-AD72-5FD597CE0722}.Release|x86.Build.0 = Release|Win32
	EndGlobalSection
	GlobalSection(SolutionProperties) = preSolution
		HideSolutionNode = FALSE
	EndGlobalSection
	GlobalSection(ExtensibilityGlobals) = postSolution
		SolutionGuid = {6B095AB7-D900-4606-95C0-8448B38D0712}
	EndGlobalSection
EndGlobal
